
Microsoft Visual Studio Solution File, Format Version 12.00
# Visual Studio Version 16
VisualStudioVersion = 16.0.33214.272
MinimumVisualStudioVersion = 10.0.40219.1
Project("{FAE04EC0-301F-11D3-BF4B-00C04F79EFBC}") = "P1_Variables", "P1_Variables\P1_Variables.csproj", "{1EA05D28-01A0-47B9-A178-F0FD0EEDAB99}"
EndProject
Project("{FAE04EC0-301F-11D3-BF4B-00C04F79EFBC}") = "P1_Variables_Exercise", "P1_Variables_Exercise\P1_Variables_Exercise.csproj", "{46F5B650-06E7-460E-B3FB-1AD85DB2C428}"
EndProject
Project("{FAE04EC0-301F-11D3-BF4B-00C04F79EFBC}") = "P2_DataTypes", "P2_DataTypes\P2_DataTypes.csproj", "{22282824-C872-486D-9B41-24E9F30EFEA3}"
EndProject
Project("{FAE04EC0-301F-11D3-BF4B-00C04F79EFBC}") = "P3_UserInput", "P3_UserInput\P3_UserInput.csproj", "{11EC8343-56AF-4DE6-B3D7-F649509CF2ED}"
EndProject
Project("{FAE04EC0-301F-11D3-BF4B-00C04F79EFBC}") = "P3_UserInput_Exercise", "P3_UserInput_Exercise\P3_UserInput_Exercise.csproj", "{62C72E7E-D9F0-48F0-B468-70A97169CCE5}"
EndProject
Project("{FAE04EC0-301F-11D3-BF4B-00C04F79EFBC}") = "P4_Operators", "P4_Operators\P4_Operators.csproj", "{80DBBE88-A4CC-45FB-8DAB-E459FA099DF8}"
EndProject
Project("{FAE04EC0-301F-11D3-BF4B-00C04F79EFBC}") = "P5_Math", "P5_Math\P5_Math.csproj", "{0F8A9211-C621-4043-96AD-169EB7388988}"
EndProject
Project("{FAE04EC0-301F-11D3-BF4B-00C04F79EFBC}") = "P6_Strings", "P6_Strings\P6_Strings.csproj", "{983E172F-7C91-4D04-BF8B-31CFD883232F}"
EndProject
Project("{FAE04EC0-301F-11D3-BF4B-00C04F79EFBC}") = "P7_IfElse", "P7_IfElse\P7_IfElse.csproj", "{7CB28775-5E50-43AA-B2C2-7EB7151CE493}"
EndProject
Project("{FAE04EC0-301F-11D3-BF4B-00C04F79EFBC}") = "P7_IfElse_Exercise_Result", "P7_IfElse_Exercise_Result\P7_IfElse_Exercise_Result.csproj", "{16CA72C1-7C13-4799-8B20-7955AE414535}"
EndProject
Project("{FAE04EC0-301F-11D3-BF4B-00C04F79EFBC}") = "P8_Switch", "P8_Switch\P8_Switch.csproj", "{87075445-1379-4816-98B5-C0DFB368975C}"
EndProject
Project("{FAE04EC0-301F-11D3-BF4B-00C04F79EFBC}") = "P8_Switch_Exercise_Marks", "P8_Switch_Exercise_Marks\P8_Switch_Exercise_Marks.csproj", "{EFB790D6-9D40-48AF-A41E-37D10E3BBD8A}"
EndProject
Global
	GlobalSection(SolutionConfigurationPlatforms) = preSolution
		Debug|Any CPU = Debug|Any CPU
		Release|Any CPU = Release|Any CPU
	EndGlobalSection
	GlobalSection(ProjectConfigurationPlatforms) = postSolution
		{1EA05D28-01A0-47B9-A178-F0FD0EEDAB99}.Debug|Any CPU.ActiveCfg = Debug|Any CPU
		{1EA05D28-01A0-47B9-A178-F0FD0EEDAB99}.Debug|Any CPU.Build.0 = Debug|Any CPU
		{1EA05D28-01A0-47B9-A178-F0FD0EEDAB99}.Release|Any CPU.ActiveCfg = Release|Any CPU
		{1EA05D28-01A0-47B9-A178-F0FD0EEDAB99}.Release|Any CPU.Build.0 = Release|Any CPU
		{46F5B650-06E7-460E-B3FB-1AD85DB2C428}.Debug|Any CPU.ActiveCfg = Debug|Any CPU
		{46F5B650-06E7-460E-B3FB-1AD85DB2C428}.Debug|Any CPU.Build.0 = Debug|Any CPU
		{46F5B650-06E7-460E-B3FB-1AD85DB2C428}.Release|Any CPU.ActiveCfg = Release|Any CPU
		{46F5B650-06E7-460E-B3FB-1AD85DB2C428}.Release|Any CPU.Build.0 = Release|Any CPU
		{22282824-C872-486D-9B41-24E9F30EFEA3}.Debug|Any CPU.ActiveCfg = Debug|Any CPU
		{22282824-C872-486D-9B41-24E9F30EFEA3}.Debug|Any CPU.Build.0 = Debug|Any CPU
		{22282824-C872-486D-9B41-24E9F30EFEA3}.Release|Any CPU.ActiveCfg = Release|Any CPU
		{22282824-C872-486D-9B41-24E9F30EFEA3}.Release|Any CPU.Build.0 = Release|Any CPU
		{11EC8343-56AF-4DE6-B3D7-F649509CF2ED}.Debug|Any CPU.ActiveCfg = Debug|Any CPU
		{11EC8343-56AF-4DE6-B3D7-F649509CF2ED}.Debug|Any CPU.Build.0 = Debug|Any CPU
		{11EC8343-56AF-4DE6-B3D7-F649509CF2ED}.Release|Any CPU.ActiveCfg = Release|Any CPU
		{11EC8343-56AF-4DE6-B3D7-F649509CF2ED}.Release|Any CPU.Build.0 = Release|Any CPU
		{62C72E7E-D9F0-48F0-B468-70A97169CCE5}.Debug|Any CPU.ActiveCfg = Debug|Any CPU
		{62C72E7E-D9F0-48F0-B468-70A97169CCE5}.Debug|Any CPU.Build.0 = Debug|Any CPU
		{62C72E7E-D9F0-48F0-B468-70A97169CCE5}.Release|Any CPU.ActiveCfg = Release|Any CPU
		{62C72E7E-D9F0-48F0-B468-70A97169CCE5}.Release|Any CPU.Build.0 = Release|Any CPU
		{80DBBE88-A4CC-45FB-8DAB-E459FA099DF8}.Debug|Any CPU.ActiveCfg = Debug|Any CPU
		{80DBBE88-A4CC-45FB-8DAB-E459FA099DF8}.Debug|Any CPU.Build.0 = Debug|Any CPU
		{80DBBE88-A4CC-45FB-8DAB-E459FA099DF8}.Release|Any CPU.ActiveCfg = Release|Any CPU
		{80DBBE88-A4CC-45FB-8DAB-E459FA099DF8}.Release|Any CPU.Build.0 = Release|Any CPU
		{0F8A9211-C621-4043-96AD-169EB7388988}.Debug|Any CPU.ActiveCfg = Debug|Any CPU
		{0F8A9211-C621-4043-96AD-169EB7388988}.Debug|Any CPU.Build.0 = Debug|Any CPU
		{0F8A9211-C621-4043-96AD-169EB7388988}.Release|Any CPU.ActiveCfg = Release|Any CPU
		{0F8A9211-C621-4043-96AD-169EB7388988}.Release|Any CPU.Build.0 = Release|Any CPU
		{983E172F-7C91-4D04-BF8B-31CFD883232F}.Debug|Any CPU.ActiveCfg = Debug|Any CPU
		{983E172F-7C91-4D04-BF8B-31CFD883232F}.Debug|Any CPU.Build.0 = Debug|Any CPU
		{983E172F-7C91-4D04-BF8B-31CFD883232F}.Release|Any CPU.ActiveCfg = Release|Any CPU
		{983E172F-7C91-4D04-BF8B-31CFD883232F}.Release|Any CPU.Build.0 = Release|Any CPU
		{7CB28775-5E50-43AA-B2C2-7EB7151CE493}.Debug|Any CPU.ActiveCfg = Debug|Any CPU
		{7CB28775-5E50-43AA-B2C2-7EB7151CE493}.Debug|Any CPU.Build.0 = Debug|Any CPU
		{7CB28775-5E50-43AA-B2C2-7EB7151CE493}.Release|Any CPU.ActiveCfg = Release|Any CPU
		{7CB28775-5E50-43AA-B2C2-7EB7151CE493}.Release|Any CPU.Build.0 = Release|Any CPU
		{16CA72C1-7C13-4799-8B20-7955AE414535}.Debug|Any CPU.ActiveCfg = Debug|Any CPU
		{16CA72C1-7C13-4799-8B20-7955AE414535}.Debug|Any CPU.Build.0 = Debug|Any CPU
		{16CA72C1-7C13-4799-8B20-7955AE414535}.Release|Any CPU.ActiveCfg = Release|Any CPU
		{16CA72C1-7C13-4799-8B20-7955AE414535}.Release|Any CPU.Build.0 = Release|Any CPU
		{87075445-1379-4816-98B5-C0DFB368975C}.Debug|Any CPU.ActiveCfg = Debug|Any CPU
		{87075445-1379-4816-98B5-C0DFB368975C}.Debug|Any CPU.Build.0 = Debug|Any CPU
		{87075445-1379-4816-98B5-C0DFB368975C}.Release|Any CPU.ActiveCfg = Release|Any CPU
		{87075445-1379-4816-98B5-C0DFB368975C}.Release|Any CPU.Build.0 = Release|Any CPU
		{EFB790D6-9D40-48AF-A41E-37D10E3BBD8A}.Debug|Any CPU.ActiveCfg = Debug|Any CPU
		{EFB790D6-9D40-48AF-A41E-37D10E3BBD8A}.Debug|Any CPU.Build.0 = Debug|Any CPU
		{EFB790D6-9D40-48AF-A41E-37D10E3BBD8A}.Release|Any CPU.ActiveCfg = Release|Any CPU
		{EFB790D6-9D40-48AF-A41E-37D10E3BBD8A}.Release|Any CPU.Build.0 = Release|Any CPU
	EndGlobalSection
	GlobalSection(SolutionProperties) = preSolution
		HideSolutionNode = FALSE
	EndGlobalSection
	GlobalSection(ExtensibilityGlobals) = postSolution
		SolutionGuid = {1821B366-B5B8-4FA8-B49E-DBF2574AAED1}
	EndGlobalSection
EndGlobal
